
Microsoft Visual Studio Solution File, Format Version 12.00
# Visual Studio Version 16
VisualStudioVersion = 16.0.29709.97
MinimumVisualStudioVersion = 10.0.40219.1
Project("{9A19103F-16F7-4668-BE54-9A1E7A4F7556}") = "dfEvents", "dfEvents\dfEvents.csproj", "{C6E9F374-F733-4882-BFA4-6C9355FE69F7}"
EndProject
Global
	GlobalSection(SolutionConfigurationPlatforms) = preSolution
		Debug|Any CPU = Debug|Any CPU
		Release|Any CPU = Release|Any CPU
	EndGlobalSection
	GlobalSection(ProjectConfigurationPlatforms) = postSolution
		{C6E9F374-F733-4882-BFA4-6C9355FE69F7}.Debug|Any CPU.ActiveCfg = Debug|Any CPU
		{C6E9F374-F733-4882-BFA4-6C9355FE69F7}.Debug|Any CPU.Build.0 = Debug|Any CPU
		{C6E9F374-F733-4882-BFA4-6C9355FE69F7}.Release|Any CPU.ActiveCfg = Release|Any CPU
		{C6E9F374-F733-4882-BFA4-6C9355FE69F7}.Release|Any CPU.Build.0 = Release|Any CPU
	EndGlobalSection
	GlobalSection(SolutionProperties) = preSolution
		HideSolutionNode = FALSE
	EndGlobalSection
	GlobalSection(ExtensibilityGlobals) = postSolution
		SolutionGuid = {8569E467-AC5B-43E5-BE2E-89D0D4C9F91F}
	EndGlobalSection
EndGlobal
